
Microsoft Visual Studio Solution File, Format Version 12.00
# Visual Studio 14
VisualStudioVersion = 14.0.23107.0
MinimumVisualStudioVersion = 10.0.40219.1
Project("{FAE04EC0-301F-11D3-BF4B-00C04F79EFBC}") = "CSharp_Class", "CSharp_Class\CSharp_Class.csproj", "{62A995C9-B1CC-4206-A121-6E74CE82C3AF}"
EndProject
Project("{FAE04EC0-301F-11D3-BF4B-00C04F79EFBC}") = "MyConsoleApplication", "MyConsoleApplication\MyConsoleApplication.csproj", "{5090BC1E-975E-4D0F-8FCF-3E6CB31CEEDA}"
EndProject
Global
	GlobalSection(SolutionConfigurationPlatforms) = preSolution
		Debug|Any CPU = Debug|Any CPU
		Release|Any CPU = Release|Any CPU
	EndGlobalSection
	GlobalSection(ProjectConfigurationPlatforms) = postSolution
		{62A995C9-B1CC-4206-A121-6E74CE82C3AF}.Debug|Any CPU.ActiveCfg = Debug|Any CPU
		{62A995C9-B1CC-4206-A121-6E74CE82C3AF}.Debug|Any CPU.Build.0 = Debug|Any CPU
		{62A995C9-B1CC-4206-A121-6E74CE82C3AF}.Release|Any CPU.ActiveCfg = Release|Any CPU
		{62A995C9-B1CC-4206-A121-6E74CE82C3AF}.Release|Any CPU.Build.0 = Release|Any CPU
		{5090BC1E-975E-4D0F-8FCF-3E6CB31CEEDA}.Debug|Any CPU.ActiveCfg = Debug|Any CPU
		{5090BC1E-975E-4D0F-8FCF-3E6CB31CEEDA}.Debug|Any CPU.Build.0 = Debug|Any CPU
		{5090BC1E-975E-4D0F-8FCF-3E6CB31CEEDA}.Release|Any CPU.ActiveCfg = Release|Any CPU
		{5090BC1E-975E-4D0F-8FCF-3E6CB31CEEDA}.Release|Any CPU.Build.0 = Release|Any CPU
	EndGlobalSection
	GlobalSection(SolutionProperties) = preSolution
		HideSolutionNode = FALSE
	EndGlobalSection
EndGlobal
